// !$*UTF8*$!
{
	archiveVersion = 1;
	classes = {
	};
	objectVersion = 56;
	objects = {

/* Begin PBXBuildFile section */
		E79589602AF5693F00A77EE7 /* AppDelegate.swift in Sources */ = {isa = PBXBuildFile; fileRef = E795895F2AF5693F00A77EE7 /* AppDelegate.swift */; };
		E79589622AF5693F00A77EE7 /* SceneDelegate.swift in Sources */ = {isa = PBXBuildFile; fileRef = E79589612AF5693F00A77EE7 /* SceneDelegate.swift */; };
		E79589642AF5693F00A77EE7 /* ViewController.swift in Sources */ = {isa = PBXBuildFile; fileRef = E79589632AF5693F00A77EE7 /* ViewController.swift */; };
		E79589672AF5693F00A77EE7 /* Main.storyboard in Resources */ = {isa = PBXBuildFile; fileRef = E79589652AF5693F00A77EE7 /* Main.storyboard */; };
		E795896A2AF5693F00A77EE7 /* PlanYourTrip.xcdatamodeld in Sources */ = {isa = PBXBuildFile; fileRef = E79589682AF5693F00A77EE7 /* PlanYourTrip.xcdatamodeld */; };
		E795896C2AF5694000A77EE7 /* Assets.xcassets in Resources */ = {isa = PBXBuildFile; fileRef = E795896B2AF5694000A77EE7 /* Assets.xcassets */; };
		E795896F2AF5694000A77EE7 /* LaunchScreen.storyboard in Resources */ = {isa = PBXBuildFile; fileRef = E795896D2AF5694000A77EE7 /* LaunchScreen.storyboard */; };
		E7CD48B02AF65916009DB8BD /* ListOfPlaces.swift in Sources */ = {isa = PBXBuildFile; fileRef = E7CD48AF2AF65916009DB8BD /* ListOfPlaces.swift */; };
/* End PBXBuildFile section */

/* Begin PBXFileReference section */
		E795895C2AF5693F00A77EE7 /* PlanYourTrip.app */ = {isa = PBXFileReference; explicitFileType = wrapper.application; includeInIndex = 0; path = PlanYourTrip.app; sourceTree = BUILT_PRODUCTS_DIR; };
		E795895F2AF5693F00A77EE7 /* AppDelegate.swift */ = {isa = PBXFileReference; lastKnownFileType = sourcecode.swift; path = AppDelegate.swift; sourceTree = "<group>"; };
		E79589612AF5693F00A77EE7 /* SceneDelegate.swift */ = {isa = PBXFileReference; lastKnownFileType = sourcecode.swift; path = SceneDelegate.swift; sourceTree = "<group>"; };
		E79589632AF5693F00A77EE7 /* ViewController.swift */ = {isa = PBXFileReference; lastKnownFileType = sourcecode.swift; path = ViewController.swift; sourceTree = "<group>"; };
		E79589662AF5693F00A77EE7 /* Base */ = {isa = PBXFileReference; lastKnownFileType = file.storyboard; name = Base; path = Base.lproj/Main.storyboard; sourceTree = "<group>"; };
		E79589692AF5693F00A77EE7 /* PlanYourTrip.xcdatamodel */ = {isa = PBXFileReference; lastKnownFileType = wrapper.xcdatamodel; path = PlanYourTrip.xcdatamodel; sourceTree = "<group>"; };
		E795896B2AF5694000A77EE7 /* Assets.xcassets */ = {isa = PBXFileReference; lastKnownFileType = folder.assetcatalog; path = Assets.xcassets; sourceTree = "<group>"; };
		E795896E2AF5694000A77EE7 /* Base */ = {isa = PBXFileReference; lastKnownFileType = file.storyboard; name = Base; path = Base.lproj/LaunchScreen.storyboard; sourceTree = "<group>"; };
		E79589702AF5694000A77EE7 /* Info.plist */ = {isa = PBXFileReference; lastKnownFileType = text.plist.xml; path = Info.plist; sourceTree = "<group>"; };
		E7CD48AF2AF65916009DB8BD /* ListOfPlaces.swift */ = {isa = PBXFileReference; lastKnownFileType = sourcecode.swift; path = ListOfPlaces.swift; sourceTree = "<group>"; };
/* End PBXFileReference section */

/* Begin PBXFrameworksBuildPhase section */
		E79589592AF5693F00A77EE7 /* Frameworks */ = {
			isa = PBXFrameworksBuildPhase;
			buildActionMask = 2147483647;
			files = (
			);
			runOnlyForDeploymentPostprocessing = 0;
		};
/* End PBXFrameworksBuildPhase section */

/* Begin PBXGroup section */
		E79589532AF5693F00A77EE7 = {
			isa = PBXGroup;
			children = (
				E795895E2AF5693F00A77EE7 /* PlanYourTrip */,
				E795895D2AF5693F00A77EE7 /* Products */,
			);
			sourceTree = "<group>";
		};
		E795895D2AF5693F00A77EE7 /* Products */ = {
			isa = PBXGroup;
			children = (
				E795895C2AF5693F00A77EE7 /* PlanYourTrip.app */,
			);
			name = Products;
			sourceTree = "<group>";
		};
		E795895E2AF5693F00A77EE7 /* PlanYourTrip */ = {
			isa = PBXGroup;
			children = (
				E795895F2AF5693F00A77EE7 /* AppDelegate.swift */,
				E79589612AF5693F00A77EE7 /* SceneDelegate.swift */,
				E79589632AF5693F00A77EE7 /* ViewController.swift */,
				E7CD48AF2AF65916009DB8BD /* ListOfPlaces.swift */,
				E79589652AF5693F00A77EE7 /* Main.storyboard */,
				E795896B2AF5694000A77EE7 /* Assets.xcassets */,
				E795896D2AF5694000A77EE7 /* LaunchScreen.storyboard */,
				E79589702AF5694000A77EE7 /* Info.plist */,
				E79589682AF5693F00A77EE7 /* PlanYourTrip.xcdatamodeld */,
			);
			path = PlanYourTrip;
			sourceTree = "<group>";
		};
/* End PBXGroup section */

/* Begin PBXNativeTarget section */
		E795895B2AF5693F00A77EE7 /* PlanYourTrip */ = {
			isa = PBXNativeTarget;
			buildConfigurationList = E79589732AF5694000A77EE7 /* Build configuration list for PBXNativeTarget "PlanYourTrip" */;
			buildPhases = (
				E79589582AF5693F00A77EE7 /* Sources */,
				E79589592AF5693F00A77EE7 /* Frameworks */,
				E795895A2AF5693F00A77EE7 /* Resources */,
			);
			buildRules = (
			);
			dependencies = (
			);
			name = PlanYourTrip;
			productName = PlanYourTrip;
			productReference = E795895C2AF5693F00A77EE7 /* PlanYourTrip.app */;
			productType = "com.apple.product-type.application";
		};
/* End PBXNativeTarget section */

/* Begin PBXProject section */
		E79589542AF5693F00A77EE7 /* Project object */ = {
			isa = PBXProject;
			attributes = {
				BuildIndependentTargetsInParallel = 1;
				LastSwiftUpdateCheck = 1500;
				LastUpgradeCheck = 1500;
				TargetAttributes = {
					E795895B2AF5693F00A77EE7 = {
						CreatedOnToolsVersion = 15.0.1;
					};
				};
			};
			buildConfigurationList = E79589572AF5693F00A77EE7 /* Build configuration list for PBXProject "PlanYourTrip" */;
			compatibilityVersion = "Xcode 14.0";
			developmentRegion = en;
			hasScannedForEncodings = 0;
			knownRegions = (
				en,
				Base,
			);
			mainGroup = E79589532AF5693F00A77EE7;
			productRefGroup = E795895D2AF5693F00A77EE7 /* Products */;
			projectDirPath = "";
			projectRoot = "";
			targets = (
				E795895B2AF5693F00A77EE7 /* PlanYourTrip */,
			);
		};
/* End PBXProject section */

/* Begin PBXResourcesBuildPhase section */
		E795895A2AF5693F00A77EE7 /* Resources */ = {
			isa = PBXResourcesBuildPhase;
			buildActionMask = 2147483647;
			files = (
				E795896F2AF5694000A77EE7 /* LaunchScreen.storyboard in Resources */,
				E795896C2AF5694000A77EE7 /* Assets.xcassets in Resources */,
				E79589672AF5693F00A77EE7 /* Main.storyboard in Resources */,
			);
			runOnlyForDeploymentPostprocessing = 0;
		};
/* End PBXResourcesBuildPhase section */

/* Begin PBXSourcesBuildPhase section */
		E79589582AF5693F00A77EE7 /* Sources */ = {
			isa = PBXSourcesBuildPhase;
			buildActionMask = 2147483647;
			files = (
				E79589642AF5693F00A77EE7 /* ViewController.swift in Sources */,
				E79589602AF5693F00A77EE7 /* AppDelegate.swift in Sources */,
				E7CD48B02AF65916009DB8BD /* ListOfPlaces.swift in Sources */,
				E795896A2AF5693F00A77EE7 /* PlanYourTrip.xcdatamodeld in Sources */,
				E79589622AF5693F00A77EE7 /* SceneDelegate.swift in Sources */,
			);
			runOnlyForDeploymentPostprocessing = 0;
		};
/* End PBXSourcesBuildPhase section */

/* Begin PBXVariantGroup section */
		E79589652AF5693F00A77EE7 /* Main.storyboard */ = {
			isa = PBXVariantGroup;
			children = (
				E79589662AF5693F00A77EE7 /* Base */,
			);
			name = Main.storyboard;
			sourceTree = "<group>";
		};
		E795896D2AF5694000A77EE7 /* LaunchScreen.storyboard */ = {
			isa = PBXVariantGroup;
			children = (
				E795896E2AF5694000A77EE7 /* Base */,
			);
			name = LaunchScreen.storyboard;
			sourceTree = "<group>";
		};
/* End PBXVariantGroup section */

/* Begin XCBuildConfiguration section */
		E79589712AF5694000A77EE7 /* Debug */ = {
			isa = XCBuildConfiguration;
			buildSettings = {
				ALWAYS_SEARCH_USER_PATHS = NO;
				ASSETCATALOG_COMPILER_GENERATE_SWIFT_ASSET_SYMBOL_EXTENSIONS = YES;
				CLANG_ANALYZER_NONNULL = YES;
				CLANG_ANALYZER_NUMBER_OBJECT_CONVERSION = YES_AGGRESSIVE;
				CLANG_CXX_LANGUAGE_STANDARD = "gnu++20";
				CLANG_ENABLE_MODULES = YES;
				CLANG_ENABLE_OBJC_ARC = YES;
				CLANG_ENABLE_OBJC_WEAK = YES;
				CLANG_WARN_BLOCK_CAPTURE_AUTORELEASING = YES;
				CLANG_WARN_BOOL_CONVERSION = YES;
				CLANG_WARN_COMMA = YES;
				CLANG_WARN_CONSTANT_CONVERSION = YES;
				CLANG_WARN_DEPRECATED_OBJC_IMPLEMENTATIONS = YES;
				CLANG_WARN_DIRECT_OBJC_ISA_USAGE = YES_ERROR;
				CLANG_WARN_DOCUMENTATION_COMMENTS = YES;
				CLANG_WARN_EMPTY_BODY = YES;
				CLANG_WARN_ENUM_CONVERSION = YES;
				CLANG_WARN_INFINITE_RECURSION = YES;
				CLANG_WARN_INT_CONVERSION = YES;
				CLANG_WARN_NON_LITERAL_NULL_CONVERSION = YES;
				CLANG_WARN_OBJC_IMPLICIT_RETAIN_SELF = YES;
				CLANG_WARN_OBJC_LITERAL_CONVERSION = YES;
				CLANG_WARN_OBJC_ROOT_CLASS = YES_ERROR;
				CLANG_WARN_QUOTED_INCLUDE_IN_FRAMEWORK_HEADER = YES;
				CLANG_WARN_RANGE_LOOP_ANALYSIS = YES;
				CLANG_WARN_STRICT_PROTOTYPES = YES;
				CLANG_WARN_SUSPICIOUS_MOVE = YES;
				CLANG_WARN_UNGUARDED_AVAILABILITY = YES_AGGRESSIVE;
				CLANG_WARN_UNREACHABLE_CODE = YES;
				CLANG_WARN__DUPLICATE_METHOD_MATCH = YES;
				COPY_PHASE_STRIP = NO;
				DEBUG_INFORMATION_FORMAT = dwarf;
				ENABLE_STRICT_OBJC_MSGSEND = YES;
				ENABLE_TESTABILITY = YES;
				ENABLE_USER_SCRIPT_SANDBOXING = YES;
				GCC_C_LANGUAGE_STANDARD = gnu17;
				GCC_DYNAMIC_NO_PIC = NO;
				GCC_NO_COMMON_BLOCKS = YES;
				GCC_OPTIMIZATION_LEVEL = 0;
				GCC_PREPROCESSOR_DEFINITIONS = (
					"DEBUG=1",
					"$(inherited)",
				);
				GCC_WARN_64_TO_32_BIT_CONVERSION = YES;
				GCC_WARN_ABOUT_RETURN_TYPE = YES_ERROR;
				GCC_WARN_UNDECLARED_SELECTOR = YES;
				GCC_WARN_UNINITIALIZED_AUTOS = YES_AGGRESSIVE;
				GCC_WARN_UNUSED_FUNCTION = YES;
				GCC_WARN_UNUSED_VARIABLE = YES;
				IPHONEOS_DEPLOYMENT_TARGET = 17.0;
				LOCALIZATION_PREFERS_STRING_CATALOGS = YES;
				MTL_ENABLE_DEBUG_INFO = INCLUDE_SOURCE;
				MTL_FAST_MATH = YES;
				ONLY_ACTIVE_ARCH = YES;
				SDKROOT = iphoneos;
				SWIFT_ACTIVE_COMPILATION_CONDITIONS = "DEBUG $(inherited)";
				SWIFT_OPTIMIZATION_LEVEL = "-Onone";
			};
			name = Debug;
		};
		E79589722AF5694000A77EE7 /* Release */ = {
			isa = XCBuildConfiguration;
			buildSettings = {
				ALWAYS_SEARCH_USER_PATHS = NO;
				ASSETCATALOG_COMPILER_GENERATE_SWIFT_ASSET_SYMBOL_EXTENSIONS = YES;
				CLANG_ANALYZER_NONNULL = YES;
				CLANG_ANALYZER_NUMBER_OBJECT_CONVERSION = YES_AGGRESSIVE;
				CLANG_CXX_LANGUAGE_STANDARD = "gnu++20";
				CLANG_ENABLE_MODULES = YES;
				CLANG_ENABLE_OBJC_ARC = YES;
				CLANG_ENABLE_OBJC_WEAK = YES;
				CLANG_WARN_BLOCK_CAPTURE_AUTORELEASING = YES;
				CLANG_WARN_BOOL_CONVERSION = YES;
				CLANG_WARN_COMMA = YES;
				CLANG_WARN_CONSTANT_CONVERSION = YES;
				CLANG_WARN_DEPRECATED_OBJC_IMPLEMENTATIONS = YES;
				CLANG_WARN_DIRECT_OBJC_ISA_USAGE = YES_ERROR;
				CLANG_WARN_DOCUMENTATION_COMMENTS = YES;
				CLANG_WARN_EMPTY_BODY = YES;
				CLANG_WARN_ENUM_CONVERSION = YES;
				CLANG_WARN_INFINITE_RECURSION = YES;
				CLANG_WARN_INT_CONVERSION = YES;
				CLANG_WARN_NON_LITERAL_NULL_CONVERSION = YES;
				CLANG_WARN_OBJC_IMPLICIT_RETAIN_SELF = YES;
				CLANG_WARN_OBJC_LITERAL_CONVERSION = YES;
				CLANG_WARN_OBJC_ROOT_CLASS = YES_ERROR;
				CLANG_WARN_QUOTED_INCLUDE_IN_FRAMEWORK_HEADER = YES;
				CLANG_WARN_RANGE_LOOP_ANALYSIS = YES;
				CLANG_WARN_STRICT_PROTOTYPES = YES;
				CLANG_WARN_SUSPICIOUS_MOVE = YES;
				CLANG_WARN_UNGUARDED_AVAILABILITY = YES_AGGRESSIVE;
				CLANG_WARN_UNREACHABLE_CODE = YES;
				CLANG_WARN__DUPLICATE_METHOD_MATCH = YES;
				COPY_PHASE_STRIP = NO;
				DEBUG_INFORMATION_FORMAT = "dwarf-with-dsym";
				ENABLE_NS_ASSERTIONS = NO;
				ENABLE_STRICT_OBJC_MSGSEND = YES;
				ENABLE_USER_SCRIPT_SANDBOXING = YES;
				GCC_C_LANGUAGE_STANDARD = gnu17;
				GCC_NO_COMMON_BLOCKS = YES;
				GCC_WARN_64_TO_32_BIT_CONVERSION = YES;
				GCC_WARN_ABOUT_RETURN_TYPE = YES_ERROR;
				GCC_WARN_UNDECLARED_SELECTOR = YES;
				GCC_WARN_UNINITIALIZED_AUTOS = YES_AGGRESSIVE;
				GCC_WARN_UNUSED_FUNCTION = YES;
				GCC_WARN_UNUSED_VARIABLE = YES;
				IPHONEOS_DEPLOYMENT_TARGET = 17.0;
				LOCALIZATION_PREFERS_STRING_CATALOGS = YES;
				MTL_ENABLE_DEBUG_INFO = NO;
				MTL_FAST_MATH = YES;
				SDKROOT = iphoneos;
				SWIFT_COMPILATION_MODE = wholemodule;
				VALIDATE_PRODUCT = YES;
			};
			name = Release;
		};
		E79589742AF5694000A77EE7 /* Debug */ = {
			isa = XCBuildConfiguration;
			buildSettings = {
				ASSETCATALOG_COMPILER_APPICON_NAME = AppIcon;
				ASSETCATALOG_COMPILER_GLOBAL_ACCENT_COLOR_NAME = AccentColor;
				CODE_SIGN_STYLE = Automatic;
				CURRENT_PROJECT_VERSION = 1;
				DEVELOPMENT_TEAM = M9Z9F5V5T3;
				GENERATE_INFOPLIST_FILE = YES;
				INFOPLIST_FILE = PlanYourTrip/Info.plist;
				INFOPLIST_KEY_UIApplicationSupportsIndirectInputEvents = YES;
				INFOPLIST_KEY_UILaunchStoryboardName = LaunchScreen;
				INFOPLIST_KEY_UIMainStoryboardFile = Main;
				INFOPLIST_KEY_UISupportedInterfaceOrientations_iPad = "UIInterfaceOrientationPortrait UIInterfaceOrientationPortraitUpsideDown UIInterfaceOrientationLandscapeLeft UIInterfaceOrientationLandscapeRight";
				INFOPLIST_KEY_UISupportedInterfaceOrientations_iPhone = "UIInterfaceOrientationPortrait UIInterfaceOrientationLandscapeLeft UIInterfaceOrientationLandscapeRight";
				LD_RUNPATH_SEARCH_PATHS = (
					"$(inherited)",
					"@executable_path/Frameworks",
				);
				MARKETING_VERSION = 1.0;
				PRODUCT_BUNDLE_IDENTIFIER = com.wiciu.PlanYourTrip;
				PRODUCT_NAME = "$(TARGET_NAME)";
				SWIFT_EMIT_LOC_STRINGS = YES;
				SWIFT_VERSION = 5.0;
				TARGETED_DEVICE_FAMILY = "1,2";
			};
			name = Debug;
		};
		E79589752AF5694000A77EE7 /* Release */ = {
			isa = XCBuildConfiguration;
			buildSettings = {
				ASSETCATALOG_COMPILER_APPICON_NAME = AppIcon;
				ASSETCATALOG_COMPILER_GLOBAL_ACCENT_COLOR_NAME = AccentColor;
				CODE_SIGN_STYLE = Automatic;
				CURRENT_PROJECT_VERSION = 1;
				DEVELOPMENT_TEAM = M9Z9F5V5T3;
				GENERATE_INFOPLIST_FILE = YES;
				INFOPLIST_FILE = PlanYourTrip/Info.plist;
				INFOPLIST_KEY_UIApplicationSupportsIndirectInputEvents = YES;
				INFOPLIST_KEY_UILaunchStoryboardName = LaunchScreen;
				INFOPLIST_KEY_UIMainStoryboardFile = Main;
				INFOPLIST_KEY_UISupportedInterfaceOrientations_iPad = "UIInterfaceOrientationPortrait UIInterfaceOrientationPortraitUpsideDown UIInterfaceOrientationLandscapeLeft UIInterfaceOrientationLandscapeRight";
				INFOPLIST_KEY_UISupportedInterfaceOrientations_iPhone = "UIInterfaceOrientationPortrait UIInterfaceOrientationLandscapeLeft UIInterfaceOrientationLandscapeRight";
				LD_RUNPATH_SEARCH_PATHS = (
					"$(inherited)",
					"@executable_path/Frameworks",
				);
				MARKETING_VERSION = 1.0;
				PRODUCT_BUNDLE_IDENTIFIER = com.wiciu.PlanYourTrip;
				PRODUCT_NAME = "$(TARGET_NAME)";
				SWIFT_EMIT_LOC_STRINGS = YES;
				SWIFT_VERSION = 5.0;
				TARGETED_DEVICE_FAMILY = "1,2";
			};
			name = Release;
		};
/* End XCBuildConfiguration section */

/* Begin XCConfigurationList section */
		E79589572AF5693F00A77EE7 /* Build configuration list for PBXProject "PlanYourTrip" */ = {
			isa = XCConfigurationList;
			buildConfigurations = (
				E79589712AF5694000A77EE7 /* Debug */,
				E79589722AF5694000A77EE7 /* Release */,
			);
			defaultConfigurationIsVisible = 0;
			defaultConfigurationName = Release;
		};
		E79589732AF5694000A77EE7 /* Build configuration list for PBXNativeTarget "PlanYourTrip" */ = {
			isa = XCConfigurationList;
			buildConfigurations = (
				E79589742AF5694000A77EE7 /* Debug */,
				E79589752AF5694000A77EE7 /* Release */,
			);
			defaultConfigurationIsVisible = 0;
			defaultConfigurationName = Release;
		};
/* End XCConfigurationList section */

/* Begin XCVersionGroup section */
		E79589682AF5693F00A77EE7 /* PlanYourTrip.xcdatamodeld */ = {
			isa = XCVersionGroup;
			children = (
				E79589692AF5693F00A77EE7 /* PlanYourTrip.xcdatamodel */,
			);
			currentVersion = E79589692AF5693F00A77EE7 /* PlanYourTrip.xcdatamodel */;
			path = PlanYourTrip.xcdatamodeld;
			sourceTree = "<group>";
			versionGroupType = wrapper.xcdatamodel;
		};
/* End XCVersionGroup section */
	};
	rootObject = E79589542AF5693F00A77EE7 /* Project object */;
}
